<?xml version="1.0" encoding="utf-8"?>
<Project ToolsVersion="4.0" xmlns="http://schemas.microsoft.com/developer/msbuild/2003">
  <ItemGroup>
    <Filter Include="Source Files">
      <UniqueIdentifier>{4FC737F1-C7A5-4376-A066-2A32D752A2FF}</UniqueIdentifier>
      <Extensions>cpp;c;cc;cxx;c++;cppm;ixx;def;odl;idl;hpj;bat;asm;asmx</Extensions>
    </Filter>
    <Filter Include="Header Files">
      <UniqueIdentifier>{93995380-89BD-4b04-88EB-625FBE52EBFB}</UniqueIdentifier>
      <Extensions>h;hh;hpp;hxx;h++;hm;inl;inc;ipp;xsd</Extensions>
    </Filter>
    <Filter Include="Resource Files">
      <UniqueIdentifier>{67DA6AB6-F800-4c08-8B7A-83BB121AAD01}</UniqueIdentifier>
      <Extensions>rc;ico;cur;bmp;dlg;rc2;rct;bin;rgs;gif;jpg;jpeg;jpe;resx;tiff;tif;png;wav;mfcribbon-ms</Extensions>
    </Filter>
    <Filter Include="Header Files\2D">
      <UniqueIdentifier>{44e4a24e-eba1-45b5-851d-6355dbef9698}</UniqueIdentifier>
    </Filter>
    <Filter Include="Header Files\Essentials">
      <UniqueIdentifier>{0ead1c9e-3fad-4d5b-b223-edea9ab9141f}</UniqueIdentifier>
    </Filter>
    <Filter Include="Header Files\3D">
      <UniqueIdentifier>{9901b630-0d97-47d3-ab2e-5e64d60063dc}</UniqueIdentifier>
    </Filter>
    <Filter Include="Source Files\2D">
      <UniqueIdentifier>{f93f29e2-1826-4c1f-9017-521d4d3a0d70}</UniqueIdentifier>
    </Filter>
    <Filter Include="Source Files\Essentials">
      <UniqueIdentifier>{3c017180-039b-4d7d-8af7-1827bd888ae1}</UniqueIdentifier>
    </Filter>
    <Filter Include="Source Files\3D">
      <UniqueIdentifier>{4bd05503-982d-4929-b422-c5cd464e0842}</UniqueIdentifier>
    </Filter>
  </ItemGroup>
  <ItemGroup>
    <ClCompile Include="Main.cpp">
      <Filter>Source Files</Filter>
    </ClCompile>
    <ClCompile Include="Circle.cpp">
      <Filter>Source Files\2D</Filter>
    </ClCompile>
    <ClCompile Include="Rectangle.cpp">
      <Filter>Source Files\2D</Filter>
    </ClCompile>
    <ClCompile Include="Square.cpp">
      <Filter>Source Files\2D</Filter>
    </ClCompile>
    <ClCompile Include="Triangle.cpp">
      <Filter>Source Files\2D</Filter>
    </ClCompile>
    <ClCompile Include="TwoD.cpp">
      <Filter>Source Files\2D</Filter>
    </ClCompile>
    <ClCompile Include="View2d.cpp">
      <Filter>Source Files\2D</Filter>
    </ClCompile>
    <ClCompile Include="Window\Window.cpp">
      <Filter>Source Files\2D</Filter>
    </ClCompile>
    <ClCompile Include="Rect.cpp">
      <Filter>Source Files\Essentials</Filter>
    </ClCompile>
    <ClCompile Include="Color.cpp">
      <Filter>Source Files\Essentials</Filter>
    </ClCompile>
    <ClCompile Include="Vec.cpp">
      <Filter>Source Files\Essentials</Filter>
    </ClCompile>
    <ClCompile Include="Vertex.cpp">
      <Filter>Source Files\Essentials</Filter>
    </ClCompile>
    <ClCompile Include="Window3d.cpp">
      <Filter>Source Files\3D</Filter>
    </ClCompile>
    <ClCompile Include="View3d.cpp">
      <Filter>Source Files\3D</Filter>
    </ClCompile>
    <ClCompile Include="ThreeD.cpp">
      <Filter>Source Files\3D</Filter>
    </ClCompile>
    <ClCompile Include="Shape.cpp">
      <Filter>Source Files\Essentials</Filter>
    </ClCompile>
    <ClCompile Include="Cube.cpp">
      <Filter>Source Files\3D</Filter>
    </ClCompile>
    <ClCompile Include="Triangle3d.cpp">
      <Filter>Source Files\3D</Filter>
    </ClCompile>
    <ClCompile Include="Rectangle3d.cpp">
      <Filter>Source Files\3D</Filter>
    </ClCompile>
  </ItemGroup>
  <ItemGroup>
    <ClInclude Include="Circle.h">
      <Filter>Header Files\2D</Filter>
    </ClInclude>
    <ClInclude Include="Rectangle.h">
      <Filter>Header Files\2D</Filter>
    </ClInclude>
    <ClInclude Include="Square.h">
      <Filter>Header Files\2D</Filter>
    </ClInclude>
    <ClInclude Include="Triangle.h">
      <Filter>Header Files\2D</Filter>
    </ClInclude>
    <ClInclude Include="TwoD.h">
      <Filter>Header Files\2D</Filter>
    </ClInclude>
    <ClInclude Include="View2d.h">
      <Filter>Header Files\2D</Filter>
    </ClInclude>
    <ClInclude Include="Window\Window.h">
      <Filter>Header Files\2D</Filter>
    </ClInclude>
    <ClInclude Include="Color.h">
      <Filter>Header Files\Essentials</Filter>
    </ClInclude>
    <ClInclude Include="Rect.h">
      <Filter>Header Files\Essentials</Filter>
    </ClInclude>
    <ClInclude Include="Vec.h">
      <Filter>Header Files\Essentials</Filter>
    </ClInclude>
    <ClInclude Include="Vertex.h">
      <Filter>Header Files\Essentials</Filter>
    </ClInclude>
    <ClInclude Include="ThreeD.h">
      <Filter>Header Files\3D</Filter>
    </ClInclude>
    <ClInclude Include="View3d.h">
      <Filter>Header Files\3D</Filter>
    </ClInclude>
    <ClInclude Include="Window3d.h">
      <Filter>Header Files\3D</Filter>
    </ClInclude>
    <ClInclude Include="Shape.h">
      <Filter>Header Files\Essentials</Filter>
    </ClInclude>
    <ClInclude Include="Cube.h">
      <Filter>Header Files\3D</Filter>
    </ClInclude>
    <ClInclude Include="Triangle3d.h">
      <Filter>Header Files\3D</Filter>
    </ClInclude>
    <ClInclude Include="Rectangle3d.h">
      <Filter>Header Files\3D</Filter>
    </ClInclude>
    <ClInclude Include="Camera.h">
      <Filter>Header Files</Filter>
    </ClInclude>
  </ItemGroup>
  <ItemGroup>
    <None Include="Shader\camera.fs">
      <Filter>Resource Files</Filter>
    </None>
    <None Include="Shader\camera.vs">
      <Filter>Resource Files</Filter>
    </None>
  </ItemGroup>
</Project>